// !$*UTF8*$!
{
	archiveVersion = 1;
	classes = {
	};
	objectVersion = 56;
	objects = {

/* Begin PBXBuildFile section */
		0413D87529D4DC3900D1BD2D /* Text.swift in Sources */ = {isa = PBXBuildFile; fileRef = 0413D87429D4DC3900D1BD2D /* Text.swift */; };
		04AAB14629A0132C00467A7F /* Assets.xcassets in Resources */ = {isa = PBXBuildFile; fileRef = 04AAB14529A0132C00467A7F /* Assets.xcassets */; };
		04AAB14929A0132C00467A7F /* Preview Assets.xcassets in Resources */ = {isa = PBXBuildFile; fileRef = 04AAB14829A0132C00467A7F /* Preview Assets.xcassets */; };
		04DE1A0929C3A29F00559C01 /* Moonshot_Project_8_App.swift in Sources */ = {isa = PBXBuildFile; fileRef = 04DE1A0829C3A29F00559C01 /* Moonshot_Project_8_App.swift */; };
		04DE1A0F29C3A58000559C01 /* Astrounat.swift in Sources */ = {isa = PBXBuildFile; fileRef = 04DE1A0E29C3A58000559C01 /* Astrounat.swift */; };
		04DE1A1129C3A59400559C01 /* MissionView.swift in Sources */ = {isa = PBXBuildFile; fileRef = 04DE1A1029C3A59400559C01 /* MissionView.swift */; };
		04DE1A1329C3A5A700559C01 /* Bundle-Decodable.swift in Sources */ = {isa = PBXBuildFile; fileRef = 04DE1A1229C3A5A700559C01 /* Bundle-Decodable.swift */; };
		04DE1A1529C3A5B500559C01 /* ContentView.swift in Sources */ = {isa = PBXBuildFile; fileRef = 04DE1A1429C3A5B500559C01 /* ContentView.swift */; };
		04DE1A1729C3A5C500559C01 /* Mission.swift in Sources */ = {isa = PBXBuildFile; fileRef = 04DE1A1629C3A5C500559C01 /* Mission.swift */; };
		04DE1A1D29C3A89B00559C01 /* missions.json in Resources */ = {isa = PBXBuildFile; fileRef = 04DE1A1C29C3A89B00559C01 /* missions.json */; };
		04DE1A1F29C3A8A500559C01 /* astronauts.json in Resources */ = {isa = PBXBuildFile; fileRef = 04DE1A1E29C3A8A500559C01 /* astronauts.json */; };
		04DE1A2129C3A90000559C01 /* Color-Theme.swift in Sources */ = {isa = PBXBuildFile; fileRef = 04DE1A2029C3A90000559C01 /* Color-Theme.swift */; };
		04DE1A2329C3AC9800559C01 /* AustronautView.swift in Sources */ = {isa = PBXBuildFile; fileRef = 04DE1A2229C3AC9800559C01 /* AustronautView.swift */; };
/* End PBXBuildFile section */

/* Begin PBXFileReference section */
		0413D87429D4DC3900D1BD2D /* Text.swift */ = {isa = PBXFileReference; lastKnownFileType = sourcecode.swift; path = Text.swift; sourceTree = "<group>"; };
		04AAB13E29A0132B00467A7F /* Moonshot(Project 8).app */ = {isa = PBXFileReference; explicitFileType = wrapper.application; includeInIndex = 0; path = "Moonshot(Project 8).app"; sourceTree = BUILT_PRODUCTS_DIR; };
		04AAB14529A0132C00467A7F /* Assets.xcassets */ = {isa = PBXFileReference; lastKnownFileType = folder.assetcatalog; path = Assets.xcassets; sourceTree = "<group>"; };
		04AAB14829A0132C00467A7F /* Preview Assets.xcassets */ = {isa = PBXFileReference; lastKnownFileType = folder.assetcatalog; path = "Preview Assets.xcassets"; sourceTree = "<group>"; };
		04DE1A0829C3A29F00559C01 /* Moonshot_Project_8_App.swift */ = {isa = PBXFileReference; lastKnownFileType = sourcecode.swift; path = Moonshot_Project_8_App.swift; sourceTree = "<group>"; };
		04DE1A0E29C3A58000559C01 /* Astrounat.swift */ = {isa = PBXFileReference; lastKnownFileType = sourcecode.swift; path = Astrounat.swift; sourceTree = "<group>"; };
		04DE1A1029C3A59400559C01 /* MissionView.swift */ = {isa = PBXFileReference; lastKnownFileType = sourcecode.swift; path = MissionView.swift; sourceTree = "<group>"; };
		04DE1A1229C3A5A700559C01 /* Bundle-Decodable.swift */ = {isa = PBXFileReference; lastKnownFileType = sourcecode.swift; path = "Bundle-Decodable.swift"; sourceTree = "<group>"; };
		04DE1A1429C3A5B500559C01 /* ContentView.swift */ = {isa = PBXFileReference; lastKnownFileType = sourcecode.swift; path = ContentView.swift; sourceTree = "<group>"; };
		04DE1A1629C3A5C500559C01 /* Mission.swift */ = {isa = PBXFileReference; lastKnownFileType = sourcecode.swift; path = Mission.swift; sourceTree = "<group>"; };
		04DE1A1C29C3A89B00559C01 /* missions.json */ = {isa = PBXFileReference; fileEncoding = 4; lastKnownFileType = text.json; name = missions.json; path = "../../Moonshot(Project 8)Files/missions.json"; sourceTree = "<group>"; };
		04DE1A1E29C3A8A500559C01 /* astronauts.json */ = {isa = PBXFileReference; fileEncoding = 4; lastKnownFileType = text.json; name = astronauts.json; path = "../../Moonshot(Project 8)Files/astronauts.json"; sourceTree = "<group>"; };
		04DE1A2029C3A90000559C01 /* Color-Theme.swift */ = {isa = PBXFileReference; fileEncoding = 4; lastKnownFileType = sourcecode.swift; path = "Color-Theme.swift"; sourceTree = "<group>"; };
		04DE1A2229C3AC9800559C01 /* AustronautView.swift */ = {isa = PBXFileReference; lastKnownFileType = sourcecode.swift; path = AustronautView.swift; sourceTree = "<group>"; };
/* End PBXFileReference section */

/* Begin PBXFrameworksBuildPhase section */
		04AAB13B29A0132B00467A7F /* Frameworks */ = {
			isa = PBXFrameworksBuildPhase;
			buildActionMask = 2147483647;
			files = (
			);
			runOnlyForDeploymentPostprocessing = 0;
		};
/* End PBXFrameworksBuildPhase section */

/* Begin PBXGroup section */
		04AAB13529A0132B00467A7F = {
			isa = PBXGroup;
			children = (
				04AAB14029A0132B00467A7F /* Moonshot(Project 8) */,
				04AAB13F29A0132B00467A7F /* Products */,
			);
			sourceTree = "<group>";
		};
		04AAB13F29A0132B00467A7F /* Products */ = {
			isa = PBXGroup;
			children = (
				04AAB13E29A0132B00467A7F /* Moonshot(Project 8).app */,
			);
			name = Products;
			sourceTree = "<group>";
		};
		04AAB14029A0132B00467A7F /* Moonshot(Project 8) */ = {
			isa = PBXGroup;
			children = (
				04DE1A0829C3A29F00559C01 /* Moonshot_Project_8_App.swift */,
				04DE1A1429C3A5B500559C01 /* ContentView.swift */,
				04DE1A1029C3A59400559C01 /* MissionView.swift */,
				04DE1A0E29C3A58000559C01 /* Astrounat.swift */,
				04DE1A1629C3A5C500559C01 /* Mission.swift */,
				04DE1A1229C3A5A700559C01 /* Bundle-Decodable.swift */,
				04DE1A2029C3A90000559C01 /* Color-Theme.swift */,
				0413D87429D4DC3900D1BD2D /* Text.swift */,
				04DE1A2229C3AC9800559C01 /* AustronautView.swift */,
				04DE1A1C29C3A89B00559C01 /* missions.json */,
				04DE1A1E29C3A8A500559C01 /* astronauts.json */,
				04AAB14529A0132C00467A7F /* Assets.xcassets */,
				04AAB14729A0132C00467A7F /* Preview Content */,
			);
			path = "Moonshot(Project 8)";
			sourceTree = "<group>";
		};
		04AAB14729A0132C00467A7F /* Preview Content */ = {
			isa = PBXGroup;
			children = (
				04AAB14829A0132C00467A7F /* Preview Assets.xcassets */,
			);
			path = "Preview Content";
			sourceTree = "<group>";
		};
/* End PBXGroup section */

/* Begin PBXNativeTarget section */
		04AAB13D29A0132B00467A7F /* Moonshot(Project 8) */ = {
			isa = PBXNativeTarget;
			buildConfigurationList = 04AAB14C29A0132C00467A7F /* Build configuration list for PBXNativeTarget "Moonshot(Project 8)" */;
			buildPhases = (
				04AAB13A29A0132B00467A7F /* Sources */,
				04AAB13B29A0132B00467A7F /* Frameworks */,
				04AAB13C29A0132B00467A7F /* Resources */,
			);
			buildRules = (
			);
			dependencies = (
			);
			name = "Moonshot(Project 8)";
			productName = "Moonshot(Project 8)";
			productReference = 04AAB13E29A0132B00467A7F /* Moonshot(Project 8).app */;
			productType = "com.apple.product-type.application";
		};
/* End PBXNativeTarget section */

/* Begin PBXProject section */
		04AAB13629A0132B00467A7F /* Project object */ = {
			isa = PBXProject;
			attributes = {
				BuildIndependentTargetsInParallel = 1;
				LastSwiftUpdateCheck = 1420;
				LastUpgradeCheck = 1420;
				TargetAttributes = {
					04AAB13D29A0132B00467A7F = {
						CreatedOnToolsVersion = 14.2;
					};
				};
			};
			buildConfigurationList = 04AAB13929A0132B00467A7F /* Build configuration list for PBXProject "Moonshot(Project 8)" */;
			compatibilityVersion = "Xcode 14.0";
			developmentRegion = en;
			hasScannedForEncodings = 0;
			knownRegions = (
				en,
				Base,
			);
			mainGroup = 04AAB13529A0132B00467A7F;
			productRefGroup = 04AAB13F29A0132B00467A7F /* Products */;
			projectDirPath = "";
			projectRoot = "";
			targets = (
				04AAB13D29A0132B00467A7F /* Moonshot(Project 8) */,
			);
		};
/* End PBXProject section */

/* Begin PBXResourcesBuildPhase section */
		04AAB13C29A0132B00467A7F /* Resources */ = {
			isa = PBXResourcesBuildPhase;
			buildActionMask = 2147483647;
			files = (
				04DE1A1D29C3A89B00559C01 /* missions.json in Resources */,
				04AAB14929A0132C00467A7F /* Preview Assets.xcassets in Resources */,
				04DE1A1F29C3A8A500559C01 /* astronauts.json in Resources */,
				04AAB14629A0132C00467A7F /* Assets.xcassets in Resources */,
			);
			runOnlyForDeploymentPostprocessing = 0;
		};
/* End PBXResourcesBuildPhase section */

/* Begin PBXSourcesBuildPhase section */
		04AAB13A29A0132B00467A7F /* Sources */ = {
			isa = PBXSourcesBuildPhase;
			buildActionMask = 2147483647;
			files = (
				04DE1A2329C3AC9800559C01 /* AustronautView.swift in Sources */,
				04DE1A1129C3A59400559C01 /* MissionView.swift in Sources */,
				04DE1A1729C3A5C500559C01 /* Mission.swift in Sources */,
				04DE1A1529C3A5B500559C01 /* ContentView.swift in Sources */,
				0413D87529D4DC3900D1BD2D /* Text.swift in Sources */,
				04DE1A2129C3A90000559C01 /* Color-Theme.swift in Sources */,
				04DE1A1329C3A5A700559C01 /* Bundle-Decodable.swift in Sources */,
				04DE1A0F29C3A58000559C01 /* Astrounat.swift in Sources */,
				04DE1A0929C3A29F00559C01 /* Moonshot_Project_8_App.swift in Sources */,
			);
			runOnlyForDeploymentPostprocessing = 0;
		};
/* End PBXSourcesBuildPhase section */

/* Begin XCBuildConfiguration section */
		04AAB14A29A0132C00467A7F /* Debug */ = {
			isa = XCBuildConfiguration;
			buildSettings = {
				ALWAYS_SEARCH_USER_PATHS = NO;
				CLANG_ANALYZER_NONNULL = YES;
				CLANG_ANALYZER_NUMBER_OBJECT_CONVERSION = YES_AGGRESSIVE;
				CLANG_CXX_LANGUAGE_STANDARD = "gnu++20";
				CLANG_ENABLE_MODULES = YES;
				CLANG_ENABLE_OBJC_ARC = YES;
				CLANG_ENABLE_OBJC_WEAK = YES;
				CLANG_WARN_BLOCK_CAPTURE_AUTORELEASING = YES;
				CLANG_WARN_BOOL_CONVERSION = YES;
				CLANG_WARN_COMMA = YES;
				CLANG_WARN_CONSTANT_CONVERSION = YES;
				CLANG_WARN_DEPRECATED_OBJC_IMPLEMENTATIONS = YES;
				CLANG_WARN_DIRECT_OBJC_ISA_USAGE = YES_ERROR;
				CLANG_WARN_DOCUMENTATION_COMMENTS = YES;
				CLANG_WARN_EMPTY_BODY = YES;
				CLANG_WARN_ENUM_CONVERSION = YES;
				CLANG_WARN_INFINITE_RECURSION = YES;
				CLANG_WARN_INT_CONVERSION = YES;
				CLANG_WARN_NON_LITERAL_NULL_CONVERSION = YES;
				CLANG_WARN_OBJC_IMPLICIT_RETAIN_SELF = YES;
				CLANG_WARN_OBJC_LITERAL_CONVERSION = YES;
				CLANG_WARN_OBJC_ROOT_CLASS = YES_ERROR;
				CLANG_WARN_QUOTED_INCLUDE_IN_FRAMEWORK_HEADER = YES;
				CLANG_WARN_RANGE_LOOP_ANALYSIS = YES;
				CLANG_WARN_STRICT_PROTOTYPES = YES;
				CLANG_WARN_SUSPICIOUS_MOVE = YES;
				CLANG_WARN_UNGUARDED_AVAILABILITY = YES_AGGRESSIVE;
				CLANG_WARN_UNREACHABLE_CODE = YES;
				CLANG_WARN__DUPLICATE_METHOD_MATCH = YES;
				COPY_PHASE_STRIP = NO;
				DEBUG_INFORMATION_FORMAT = dwarf;
				ENABLE_STRICT_OBJC_MSGSEND = YES;
				ENABLE_TESTABILITY = YES;
				GCC_C_LANGUAGE_STANDARD = gnu11;
				GCC_DYNAMIC_NO_PIC = NO;
				GCC_NO_COMMON_BLOCKS = YES;
				GCC_OPTIMIZATION_LEVEL = 0;
				GCC_PREPROCESSOR_DEFINITIONS = (
					"DEBUG=1",
					"$(inherited)",
				);
				GCC_WARN_64_TO_32_BIT_CONVERSION = YES;
				GCC_WARN_ABOUT_RETURN_TYPE = YES_ERROR;
				GCC_WARN_UNDECLARED_SELECTOR = YES;
				GCC_WARN_UNINITIALIZED_AUTOS = YES_AGGRESSIVE;
				GCC_WARN_UNUSED_FUNCTION = YES;
				GCC_WARN_UNUSED_VARIABLE = YES;
				IPHONEOS_DEPLOYMENT_TARGET = 16.2;
				MTL_ENABLE_DEBUG_INFO = INCLUDE_SOURCE;
				MTL_FAST_MATH = YES;
				ONLY_ACTIVE_ARCH = YES;
				SDKROOT = iphoneos;
				SWIFT_ACTIVE_COMPILATION_CONDITIONS = DEBUG;
				SWIFT_OPTIMIZATION_LEVEL = "-Onone";
			};
			name = Debug;
		};
		04AAB14B29A0132C00467A7F /* Release */ = {
			isa = XCBuildConfiguration;
			buildSettings = {
				ALWAYS_SEARCH_USER_PATHS = NO;
				CLANG_ANALYZER_NONNULL = YES;
				CLANG_ANALYZER_NUMBER_OBJECT_CONVERSION = YES_AGGRESSIVE;
				CLANG_CXX_LANGUAGE_STANDARD = "gnu++20";
				CLANG_ENABLE_MODULES = YES;
				CLANG_ENABLE_OBJC_ARC = YES;
				CLANG_ENABLE_OBJC_WEAK = YES;
				CLANG_WARN_BLOCK_CAPTURE_AUTORELEASING = YES;
				CLANG_WARN_BOOL_CONVERSION = YES;
				CLANG_WARN_COMMA = YES;
				CLANG_WARN_CONSTANT_CONVERSION = YES;
				CLANG_WARN_DEPRECATED_OBJC_IMPLEMENTATIONS = YES;
				CLANG_WARN_DIRECT_OBJC_ISA_USAGE = YES_ERROR;
				CLANG_WARN_DOCUMENTATION_COMMENTS = YES;
				CLANG_WARN_EMPTY_BODY = YES;
				CLANG_WARN_ENUM_CONVERSION = YES;
				CLANG_WARN_INFINITE_RECURSION = YES;
				CLANG_WARN_INT_CONVERSION = YES;
				CLANG_WARN_NON_LITERAL_NULL_CONVERSION = YES;
				CLANG_WARN_OBJC_IMPLICIT_RETAIN_SELF = YES;
				CLANG_WARN_OBJC_LITERAL_CONVERSION = YES;
				CLANG_WARN_OBJC_ROOT_CLASS = YES_ERROR;
				CLANG_WARN_QUOTED_INCLUDE_IN_FRAMEWORK_HEADER = YES;
				CLANG_WARN_RANGE_LOOP_ANALYSIS = YES;
				CLANG_WARN_STRICT_PROTOTYPES = YES;
				CLANG_WARN_SUSPICIOUS_MOVE = YES;
				CLANG_WARN_UNGUARDED_AVAILABILITY = YES_AGGRESSIVE;
				CLANG_WARN_UNREACHABLE_CODE = YES;
				CLANG_WARN__DUPLICATE_METHOD_MATCH = YES;
				COPY_PHASE_STRIP = NO;
				DEBUG_INFORMATION_FORMAT = "dwarf-with-dsym";
				ENABLE_NS_ASSERTIONS = NO;
				ENABLE_STRICT_OBJC_MSGSEND = YES;
				GCC_C_LANGUAGE_STANDARD = gnu11;
				GCC_NO_COMMON_BLOCKS = YES;
				GCC_WARN_64_TO_32_BIT_CONVERSION = YES;
				GCC_WARN_ABOUT_RETURN_TYPE = YES_ERROR;
				GCC_WARN_UNDECLARED_SELECTOR = YES;
				GCC_WARN_UNINITIALIZED_AUTOS = YES_AGGRESSIVE;
				GCC_WARN_UNUSED_FUNCTION = YES;
				GCC_WARN_UNUSED_VARIABLE = YES;
				IPHONEOS_DEPLOYMENT_TARGET = 16.2;
				MTL_ENABLE_DEBUG_INFO = NO;
				MTL_FAST_MATH = YES;
				SDKROOT = iphoneos;
				SWIFT_COMPILATION_MODE = wholemodule;
				SWIFT_OPTIMIZATION_LEVEL = "-O";
				VALIDATE_PRODUCT = YES;
			};
			name = Release;
		};
		04AAB14D29A0132C00467A7F /* Debug */ = {
			isa = XCBuildConfiguration;
			buildSettings = {
				ASSETCATALOG_COMPILER_APPICON_NAME = AppIcon;
				ASSETCATALOG_COMPILER_GLOBAL_ACCENT_COLOR_NAME = AccentColor;
				CODE_SIGN_STYLE = Automatic;
				CURRENT_PROJECT_VERSION = 1;
				DEVELOPMENT_ASSET_PATHS = "\"Moonshot(Project 8)/Preview Content\"";
				DEVELOPMENT_TEAM = ZCP67L68HX;
				ENABLE_PREVIEWS = YES;
				GENERATE_INFOPLIST_FILE = YES;
				INFOPLIST_KEY_UIApplicationSceneManifest_Generation = YES;
				INFOPLIST_KEY_UIApplicationSupportsIndirectInputEvents = YES;
				INFOPLIST_KEY_UILaunchScreen_Generation = YES;
				INFOPLIST_KEY_UISupportedInterfaceOrientations_iPad = "UIInterfaceOrientationPortrait UIInterfaceOrientationPortraitUpsideDown UIInterfaceOrientationLandscapeLeft UIInterfaceOrientationLandscapeRight";
				INFOPLIST_KEY_UISupportedInterfaceOrientations_iPhone = "UIInterfaceOrientationPortrait UIInterfaceOrientationLandscapeLeft UIInterfaceOrientationLandscapeRight";
				LD_RUNPATH_SEARCH_PATHS = (
					"$(inherited)",
					"@executable_path/Frameworks",
				);
				MARKETING_VERSION = 1.0;
				PRODUCT_BUNDLE_IDENTIFIER = "ua.hfh.Moonshot-Project-8-";
				PRODUCT_NAME = "$(TARGET_NAME)";
				SWIFT_EMIT_LOC_STRINGS = YES;
				SWIFT_VERSION = 5.0;
				TARGETED_DEVICE_FAMILY = "1,2";
			};
			name = Debug;
		};
		04AAB14E29A0132C00467A7F /* Release */ = {
			isa = XCBuildConfiguration;
			buildSettings = {
				ASSETCATALOG_COMPILER_APPICON_NAME = AppIcon;
				ASSETCATALOG_COMPILER_GLOBAL_ACCENT_COLOR_NAME = AccentColor;
				CODE_SIGN_STYLE = Automatic;
				CURRENT_PROJECT_VERSION = 1;
				DEVELOPMENT_ASSET_PATHS = "\"Moonshot(Project 8)/Preview Content\"";
				DEVELOPMENT_TEAM = ZCP67L68HX;
				ENABLE_PREVIEWS = YES;
				GENERATE_INFOPLIST_FILE = YES;
				INFOPLIST_KEY_UIApplicationSceneManifest_Generation = YES;
				INFOPLIST_KEY_UIApplicationSupportsIndirectInputEvents = YES;
				INFOPLIST_KEY_UILaunchScreen_Generation = YES;
				INFOPLIST_KEY_UISupportedInterfaceOrientations_iPad = "UIInterfaceOrientationPortrait UIInterfaceOrientationPortraitUpsideDown UIInterfaceOrientationLandscapeLeft UIInterfaceOrientationLandscapeRight";
				INFOPLIST_KEY_UISupportedInterfaceOrientations_iPhone = "UIInterfaceOrientationPortrait UIInterfaceOrientationLandscapeLeft UIInterfaceOrientationLandscapeRight";
				LD_RUNPATH_SEARCH_PATHS = (
					"$(inherited)",
					"@executable_path/Frameworks",
				);
				MARKETING_VERSION = 1.0;
				PRODUCT_BUNDLE_IDENTIFIER = "ua.hfh.Moonshot-Project-8-";
				PRODUCT_NAME = "$(TARGET_NAME)";
				SWIFT_EMIT_LOC_STRINGS = YES;
				SWIFT_VERSION = 5.0;
				TARGETED_DEVICE_FAMILY = "1,2";
			};
			name = Release;
		};
/* End XCBuildConfiguration section */

/* Begin XCConfigurationList section */
		04AAB13929A0132B00467A7F /* Build configuration list for PBXProject "Moonshot(Project 8)" */ = {
			isa = XCConfigurationList;
			buildConfigurations = (
				04AAB14A29A0132C00467A7F /* Debug */,
				04AAB14B29A0132C00467A7F /* Release */,
			);
			defaultConfigurationIsVisible = 0;
			defaultConfigurationName = Release;
		};
		04AAB14C29A0132C00467A7F /* Build configuration list for PBXNativeTarget "Moonshot(Project 8)" */ = {
			isa = XCConfigurationList;
			buildConfigurations = (
				04AAB14D29A0132C00467A7F /* Debug */,
				04AAB14E29A0132C00467A7F /* Release */,
			);
			defaultConfigurationIsVisible = 0;
			defaultConfigurationName = Release;
		};
/* End XCConfigurationList section */
	};
	rootObject = 04AAB13629A0132B00467A7F /* Project object */;
}
